
Microsoft Visual Studio Solution File, Format Version 12.00
# Visual Studio Version 17
VisualStudioVersion = 17.0.32014.148
MinimumVisualStudioVersion = 10.0.40219.1
Project("{8BC9CEB8-8B4A-11D0-8D11-00A0C91BC942}") = "template-sfml2.5.1-win-ping-pong9", "template-sfml2.5.1-win-ping-pong9.vcxproj", "{0C12D523-C24E-4203-A67B-2D9D020A1705}"
EndProject
Global
	GlobalSection(SolutionConfigurationPlatforms) = preSolution
		Debug Dynamic|x64 = Debug Dynamic|x64
		Debug Dynamic|x86 = Debug Dynamic|x86
		Debug Static|x64 = Debug Static|x64
		Debug Static|x86 = Debug Static|x86
		Release Dynamic|x64 = Release Dynamic|x64
		Release Dynamic|x86 = Release Dynamic|x86
		Release Static|x64 = Release Static|x64
		Release Static|x86 = Release Static|x86
	EndGlobalSection
	GlobalSection(ProjectConfigurationPlatforms) = postSolution
		{0C12D523-C24E-4203-A67B-2D9D020A1705}.Debug Dynamic|x64.ActiveCfg = Debug Dynamic|x64
		{0C12D523-C24E-4203-A67B-2D9D020A1705}.Debug Dynamic|x64.Build.0 = Debug Dynamic|x64
		{0C12D523-C24E-4203-A67B-2D9D020A1705}.Debug Dynamic|x86.ActiveCfg = Debug Dynamic|Win32
		{0C12D523-C24E-4203-A67B-2D9D020A1705}.Debug Dynamic|x86.Build.0 = Debug Dynamic|Win32
		{0C12D523-C24E-4203-A67B-2D9D020A1705}.Debug Static|x64.ActiveCfg = Debug Static|x64
		{0C12D523-C24E-4203-A67B-2D9D020A1705}.Debug Static|x64.Build.0 = Debug Static|x64
		{0C12D523-C24E-4203-A67B-2D9D020A1705}.Debug Static|x86.ActiveCfg = Debug Static|Win32
		{0C12D523-C24E-4203-A67B-2D9D020A1705}.Debug Static|x86.Build.0 = Debug Static|Win32
		{0C12D523-C24E-4203-A67B-2D9D020A1705}.Release Dynamic|x64.ActiveCfg = Release Dynamic|x64
		{0C12D523-C24E-4203-A67B-2D9D020A1705}.Release Dynamic|x64.Build.0 = Release Dynamic|x64
		{0C12D523-C24E-4203-A67B-2D9D020A1705}.Release Dynamic|x86.ActiveCfg = Release Dynamic|Win32
		{0C12D523-C24E-4203-A67B-2D9D020A1705}.Release Dynamic|x86.Build.0 = Release Dynamic|Win32
		{0C12D523-C24E-4203-A67B-2D9D020A1705}.Release Static|x64.ActiveCfg = Release Static|x64
		{0C12D523-C24E-4203-A67B-2D9D020A1705}.Release Static|x64.Build.0 = Release Static|x64
		{0C12D523-C24E-4203-A67B-2D9D020A1705}.Release Static|x86.ActiveCfg = Release Static|Win32
		{0C12D523-C24E-4203-A67B-2D9D020A1705}.Release Static|x86.Build.0 = Release Static|Win32
	EndGlobalSection
	GlobalSection(SolutionProperties) = preSolution
		HideSolutionNode = FALSE
	EndGlobalSection
	GlobalSection(ExtensibilityGlobals) = postSolution
		SolutionGuid = {C83B7AD2-A513-40BC-A98E-7B7C88B3681E}
	EndGlobalSection
EndGlobal
